// !$*UTF8*$!
{
	archiveVersion = 1;
	classes = {
	};
	objectVersion = 48;
	objects = {

/* Begin PBXBuildFile section */
		13CB5A12F947137F295FD8A8 /* Pods_ProfileProjectTests.framework in Frameworks */ = {isa = PBXBuildFile; fileRef = EFF344DC80102F59C6F31454 /* Pods_ProfileProjectTests.framework */; };
		184F4F71201DCA8800513732 /* NameTableViewCell.swift in Sources */ = {isa = PBXBuildFile; fileRef = 184F4F70201DCA8800513732 /* NameTableViewCell.swift */; };
		184F4F73201DCAEC00513732 /* AddressTableViewCell.swift in Sources */ = {isa = PBXBuildFile; fileRef = 184F4F72201DCAEC00513732 /* AddressTableViewCell.swift */; };
		184F4F75201DCB0500513732 /* EmailTableViewCell.swift in Sources */ = {isa = PBXBuildFile; fileRef = 184F4F74201DCB0500513732 /* EmailTableViewCell.swift */; };
		184F4F77201DCB1400513732 /* DOBTableViewCell.swift in Sources */ = {isa = PBXBuildFile; fileRef = 184F4F76201DCB1400513732 /* DOBTableViewCell.swift */; };
		184F4F79201DCB2B00513732 /* PhoneTableViewCell.swift in Sources */ = {isa = PBXBuildFile; fileRef = 184F4F78201DCB2B00513732 /* PhoneTableViewCell.swift */; };
		184F4F7B201DDCFF00513732 /* GenderTableViewCell.swift in Sources */ = {isa = PBXBuildFile; fileRef = 184F4F7A201DDCFF00513732 /* GenderTableViewCell.swift */; };
		18524164201D430B00AE6769 /* AppDelegate.swift in Sources */ = {isa = PBXBuildFile; fileRef = 18524163201D430B00AE6769 /* AppDelegate.swift */; };
		18524166201D430B00AE6769 /* ViewController.swift in Sources */ = {isa = PBXBuildFile; fileRef = 18524165201D430B00AE6769 /* ViewController.swift */; };
		18524169201D430B00AE6769 /* Main.storyboard in Resources */ = {isa = PBXBuildFile; fileRef = 18524167201D430B00AE6769 /* Main.storyboard */; };
		1852416E201D430B00AE6769 /* Assets.xcassets in Resources */ = {isa = PBXBuildFile; fileRef = 1852416D201D430B00AE6769 /* Assets.xcassets */; };
		18524171201D430B00AE6769 /* LaunchScreen.storyboard in Resources */ = {isa = PBXBuildFile; fileRef = 1852416F201D430B00AE6769 /* LaunchScreen.storyboard */; };
		1852417C201D430B00AE6769 /* ProfileProjectTests.swift in Sources */ = {isa = PBXBuildFile; fileRef = 1852417B201D430B00AE6769 /* ProfileProjectTests.swift */; };
		18524187201D430B00AE6769 /* ProfileProjectUITests.swift in Sources */ = {isa = PBXBuildFile; fileRef = 18524186201D430B00AE6769 /* ProfileProjectUITests.swift */; };
		18616D3B201E439700B150A8 /* CodeManager.swift in Sources */ = {isa = PBXBuildFile; fileRef = 18616D3A201E439700B150A8 /* CodeManager.swift */; };
		18C180D9204FE9120000480D /* Extensions.swift in Sources */ = {isa = PBXBuildFile; fileRef = 18C180D8204FE9120000480D /* Extensions.swift */; };
		AEDAA6D889073AC5657FDC18 /* Pods_ProfileProjectUITests.framework in Frameworks */ = {isa = PBXBuildFile; fileRef = CBCAA68AE9254BBDD6D39606 /* Pods_ProfileProjectUITests.framework */; };
		FB893D5282DBA0AABBD57519 /* Pods_ProfileProject.framework in Frameworks */ = {isa = PBXBuildFile; fileRef = A2CE6ADC23BC1432410A022A /* Pods_ProfileProject.framework */; };
/* End PBXBuildFile section */

/* Begin PBXContainerItemProxy section */
		18524178201D430B00AE6769 /* PBXContainerItemProxy */ = {
			isa = PBXContainerItemProxy;
			containerPortal = 18524158201D430B00AE6769 /* Project object */;
			proxyType = 1;
			remoteGlobalIDString = 1852415F201D430B00AE6769;
			remoteInfo = ProfileProject;
		};
		18524183201D430B00AE6769 /* PBXContainerItemProxy */ = {
			isa = PBXContainerItemProxy;
			containerPortal = 18524158201D430B00AE6769 /* Project object */;
			proxyType = 1;
			remoteGlobalIDString = 1852415F201D430B00AE6769;
			remoteInfo = ProfileProject;
		};
/* End PBXContainerItemProxy section */

/* Begin PBXFileReference section */
		184F4F70201DCA8800513732 /* NameTableViewCell.swift */ = {isa = PBXFileReference; lastKnownFileType = sourcecode.swift; path = NameTableViewCell.swift; sourceTree = "<group>"; };
		184F4F72201DCAEC00513732 /* AddressTableViewCell.swift */ = {isa = PBXFileReference; lastKnownFileType = sourcecode.swift; path = AddressTableViewCell.swift; sourceTree = "<group>"; };
		184F4F74201DCB0500513732 /* EmailTableViewCell.swift */ = {isa = PBXFileReference; lastKnownFileType = sourcecode.swift; path = EmailTableViewCell.swift; sourceTree = "<group>"; };
		184F4F76201DCB1400513732 /* DOBTableViewCell.swift */ = {isa = PBXFileReference; lastKnownFileType = sourcecode.swift; path = DOBTableViewCell.swift; sourceTree = "<group>"; };
		184F4F78201DCB2B00513732 /* PhoneTableViewCell.swift */ = {isa = PBXFileReference; lastKnownFileType = sourcecode.swift; path = PhoneTableViewCell.swift; sourceTree = "<group>"; };
		184F4F7A201DDCFF00513732 /* GenderTableViewCell.swift */ = {isa = PBXFileReference; lastKnownFileType = sourcecode.swift; path = GenderTableViewCell.swift; sourceTree = "<group>"; };
		18524160201D430B00AE6769 /* ProfileProject.app */ = {isa = PBXFileReference; explicitFileType = wrapper.application; includeInIndex = 0; path = ProfileProject.app; sourceTree = BUILT_PRODUCTS_DIR; };
		18524163201D430B00AE6769 /* AppDelegate.swift */ = {isa = PBXFileReference; lastKnownFileType = sourcecode.swift; path = AppDelegate.swift; sourceTree = "<group>"; };
		18524165201D430B00AE6769 /* ViewController.swift */ = {isa = PBXFileReference; lastKnownFileType = sourcecode.swift; path = ViewController.swift; sourceTree = "<group>"; };
		18524168201D430B00AE6769 /* Base */ = {isa = PBXFileReference; lastKnownFileType = file.storyboard; name = Base; path = Base.lproj/Main.storyboard; sourceTree = "<group>"; };
		1852416D201D430B00AE6769 /* Assets.xcassets */ = {isa = PBXFileReference; lastKnownFileType = folder.assetcatalog; path = Assets.xcassets; sourceTree = "<group>"; };
		18524170201D430B00AE6769 /* Base */ = {isa = PBXFileReference; lastKnownFileType = file.storyboard; name = Base; path = Base.lproj/LaunchScreen.storyboard; sourceTree = "<group>"; };
		18524172201D430B00AE6769 /* Info.plist */ = {isa = PBXFileReference; lastKnownFileType = text.plist.xml; path = Info.plist; sourceTree = "<group>"; };
		18524177201D430B00AE6769 /* ProfileProjectTests.xctest */ = {isa = PBXFileReference; explicitFileType = wrapper.cfbundle; includeInIndex = 0; path = ProfileProjectTests.xctest; sourceTree = BUILT_PRODUCTS_DIR; };
		1852417B201D430B00AE6769 /* ProfileProjectTests.swift */ = {isa = PBXFileReference; lastKnownFileType = sourcecode.swift; path = ProfileProjectTests.swift; sourceTree = "<group>"; };
		1852417D201D430B00AE6769 /* Info.plist */ = {isa = PBXFileReference; lastKnownFileType = text.plist.xml; path = Info.plist; sourceTree = "<group>"; };
		18524182201D430B00AE6769 /* ProfileProjectUITests.xctest */ = {isa = PBXFileReference; explicitFileType = wrapper.cfbundle; includeInIndex = 0; path = ProfileProjectUITests.xctest; sourceTree = BUILT_PRODUCTS_DIR; };
		18524186201D430B00AE6769 /* ProfileProjectUITests.swift */ = {isa = PBXFileReference; lastKnownFileType = sourcecode.swift; path = ProfileProjectUITests.swift; sourceTree = "<group>"; };
		18524188201D430B00AE6769 /* Info.plist */ = {isa = PBXFileReference; lastKnownFileType = text.plist.xml; path = Info.plist; sourceTree = "<group>"; };
		18616D3A201E439700B150A8 /* CodeManager.swift */ = {isa = PBXFileReference; fileEncoding = 4; lastKnownFileType = sourcecode.swift; path = CodeManager.swift; sourceTree = "<group>"; };
		18C180D8204FE9120000480D /* Extensions.swift */ = {isa = PBXFileReference; lastKnownFileType = sourcecode.swift; path = Extensions.swift; sourceTree = "<group>"; };
		5553CC0B18CFC769DB834658 /* Pods-ProfileProjectUITests.debug.xcconfig */ = {isa = PBXFileReference; includeInIndex = 1; lastKnownFileType = text.xcconfig; name = "Pods-ProfileProjectUITests.debug.xcconfig"; path = "Pods/Target Support Files/Pods-ProfileProjectUITests/Pods-ProfileProjectUITests.debug.xcconfig"; sourceTree = "<group>"; };
		5A78148316E2E97C61216D48 /* Pods-ProfileProjectTests.release.xcconfig */ = {isa = PBXFileReference; includeInIndex = 1; lastKnownFileType = text.xcconfig; name = "Pods-ProfileProjectTests.release.xcconfig"; path = "Pods/Target Support Files/Pods-ProfileProjectTests/Pods-ProfileProjectTests.release.xcconfig"; sourceTree = "<group>"; };
		6A0388B074CE4D6494BA9B60 /* Pods-ProfileProject.release.xcconfig */ = {isa = PBXFileReference; includeInIndex = 1; lastKnownFileType = text.xcconfig; name = "Pods-ProfileProject.release.xcconfig"; path = "Pods/Target Support Files/Pods-ProfileProject/Pods-ProfileProject.release.xcconfig"; sourceTree = "<group>"; };
		935C7A94D3174008F2753FA3 /* Pods-ProfileProjectTests.debug.xcconfig */ = {isa = PBXFileReference; includeInIndex = 1; lastKnownFileType = text.xcconfig; name = "Pods-ProfileProjectTests.debug.xcconfig"; path = "Pods/Target Support Files/Pods-ProfileProjectTests/Pods-ProfileProjectTests.debug.xcconfig"; sourceTree = "<group>"; };
		A2CE6ADC23BC1432410A022A /* Pods_ProfileProject.framework */ = {isa = PBXFileReference; explicitFileType = wrapper.framework; includeInIndex = 0; path = Pods_ProfileProject.framework; sourceTree = BUILT_PRODUCTS_DIR; };
		B1A62279D822BA0DA710C919 /* Pods-ProfileProject.debug.xcconfig */ = {isa = PBXFileReference; includeInIndex = 1; lastKnownFileType = text.xcconfig; name = "Pods-ProfileProject.debug.xcconfig"; path = "Pods/Target Support Files/Pods-ProfileProject/Pods-ProfileProject.debug.xcconfig"; sourceTree = "<group>"; };
		CBCAA68AE9254BBDD6D39606 /* Pods_ProfileProjectUITests.framework */ = {isa = PBXFileReference; explicitFileType = wrapper.framework; includeInIndex = 0; path = Pods_ProfileProjectUITests.framework; sourceTree = BUILT_PRODUCTS_DIR; };
		EFF344DC80102F59C6F31454 /* Pods_ProfileProjectTests.framework */ = {isa = PBXFileReference; explicitFileType = wrapper.framework; includeInIndex = 0; path = Pods_ProfileProjectTests.framework; sourceTree = BUILT_PRODUCTS_DIR; };
		F6D2E9D86E5710C016E83716 /* Pods-ProfileProjectUITests.release.xcconfig */ = {isa = PBXFileReference; includeInIndex = 1; lastKnownFileType = text.xcconfig; name = "Pods-ProfileProjectUITests.release.xcconfig"; path = "Pods/Target Support Files/Pods-ProfileProjectUITests/Pods-ProfileProjectUITests.release.xcconfig"; sourceTree = "<group>"; };
/* End PBXFileReference section */

/* Begin PBXFrameworksBuildPhase section */
		1852415D201D430B00AE6769 /* Frameworks */ = {
			isa = PBXFrameworksBuildPhase;
			buildActionMask = 2147483647;
			files = (
				FB893D5282DBA0AABBD57519 /* Pods_ProfileProject.framework in Frameworks */,
			);
			runOnlyForDeploymentPostprocessing = 0;
		};
		18524174201D430B00AE6769 /* Frameworks */ = {
			isa = PBXFrameworksBuildPhase;
			buildActionMask = 2147483647;
			files = (
				13CB5A12F947137F295FD8A8 /* Pods_ProfileProjectTests.framework in Frameworks */,
			);
			runOnlyForDeploymentPostprocessing = 0;
		};
		1852417F201D430B00AE6769 /* Frameworks */ = {
			isa = PBXFrameworksBuildPhase;
			buildActionMask = 2147483647;
			files = (
				AEDAA6D889073AC5657FDC18 /* Pods_ProfileProjectUITests.framework in Frameworks */,
			);
			runOnlyForDeploymentPostprocessing = 0;
		};
/* End PBXFrameworksBuildPhase section */

/* Begin PBXGroup section */
		18524157201D430B00AE6769 = {
			isa = PBXGroup;
			children = (
				18524162201D430B00AE6769 /* ProfileProject */,
				1852417A201D430B00AE6769 /* ProfileProjectTests */,
				18524185201D430B00AE6769 /* ProfileProjectUITests */,
				18524161201D430B00AE6769 /* Products */,
				D7338626125462453E3BCF66 /* Pods */,
				9180CC48432C598CD86123E7 /* Frameworks */,
			);
			sourceTree = "<group>";
		};
		18524161201D430B00AE6769 /* Products */ = {
			isa = PBXGroup;
			children = (
				18524160201D430B00AE6769 /* ProfileProject.app */,
				18524177201D430B00AE6769 /* ProfileProjectTests.xctest */,
				18524182201D430B00AE6769 /* ProfileProjectUITests.xctest */,
			);
			name = Products;
			sourceTree = "<group>";
		};
		18524162201D430B00AE6769 /* ProfileProject */ = {
			isa = PBXGroup;
			children = (
				18C180DE204FEBF20000480D /* Storyboard */,
				18C180DD204FEADE0000480D /* AppDelegate */,
				18C180DC204FE9A80000480D /* TableViewCells */,
				18C180DB204FE9870000480D /* Controllers */,
				18C180DA204FE9640000480D /* Extensions */,
				18C180D7204FE8900000480D /* Models */,
				1852416D201D430B00AE6769 /* Assets.xcassets */,
				18524172201D430B00AE6769 /* Info.plist */,
			);
			path = ProfileProject;
			sourceTree = "<group>";
		};
		1852417A201D430B00AE6769 /* ProfileProjectTests */ = {
			isa = PBXGroup;
			children = (
				1852417B201D430B00AE6769 /* ProfileProjectTests.swift */,
				1852417D201D430B00AE6769 /* Info.plist */,
			);
			path = ProfileProjectTests;
			sourceTree = "<group>";
		};
		18524185201D430B00AE6769 /* ProfileProjectUITests */ = {
			isa = PBXGroup;
			children = (
				18524186201D430B00AE6769 /* ProfileProjectUITests.swift */,
				18524188201D430B00AE6769 /* Info.plist */,
			);
			path = ProfileProjectUITests;
			sourceTree = "<group>";
		};
		18C180D7204FE8900000480D /* Models */ = {
			isa = PBXGroup;
			children = (
				18616D3A201E439700B150A8 /* CodeManager.swift */,
			);
			path = Models;
			sourceTree = "<group>";
		};
		18C180DA204FE9640000480D /* Extensions */ = {
			isa = PBXGroup;
			children = (
				18C180D8204FE9120000480D /* Extensions.swift */,
			);
			path = Extensions;
			sourceTree = "<group>";
		};
		18C180DB204FE9870000480D /* Controllers */ = {
			isa = PBXGroup;
			children = (
				18524165201D430B00AE6769 /* ViewController.swift */,
			);
			path = Controllers;
			sourceTree = "<group>";
		};
		18C180DC204FE9A80000480D /* TableViewCells */ = {
			isa = PBXGroup;
			children = (
				184F4F70201DCA8800513732 /* NameTableViewCell.swift */,
				184F4F72201DCAEC00513732 /* AddressTableViewCell.swift */,
				184F4F74201DCB0500513732 /* EmailTableViewCell.swift */,
				184F4F76201DCB1400513732 /* DOBTableViewCell.swift */,
				184F4F78201DCB2B00513732 /* PhoneTableViewCell.swift */,
				184F4F7A201DDCFF00513732 /* GenderTableViewCell.swift */,
			);
			path = TableViewCells;
			sourceTree = "<group>";
		};
		18C180DD204FEADE0000480D /* AppDelegate */ = {
			isa = PBXGroup;
			children = (
				18524163201D430B00AE6769 /* AppDelegate.swift */,
			);
			path = AppDelegate;
			sourceTree = "<group>";
		};
		18C180DE204FEBF20000480D /* Storyboard */ = {
			isa = PBXGroup;
			children = (
				1852416F201D430B00AE6769 /* LaunchScreen.storyboard */,
				18524167201D430B00AE6769 /* Main.storyboard */,
			);
			path = Storyboard;
			sourceTree = "<group>";
		};
		9180CC48432C598CD86123E7 /* Frameworks */ = {
			isa = PBXGroup;
			children = (
				A2CE6ADC23BC1432410A022A /* Pods_ProfileProject.framework */,
				EFF344DC80102F59C6F31454 /* Pods_ProfileProjectTests.framework */,
				CBCAA68AE9254BBDD6D39606 /* Pods_ProfileProjectUITests.framework */,
			);
			name = Frameworks;
			sourceTree = "<group>";
		};
		D7338626125462453E3BCF66 /* Pods */ = {
			isa = PBXGroup;
			children = (
				B1A62279D822BA0DA710C919 /* Pods-ProfileProject.debug.xcconfig */,
				6A0388B074CE4D6494BA9B60 /* Pods-ProfileProject.release.xcconfig */,
				935C7A94D3174008F2753FA3 /* Pods-ProfileProjectTests.debug.xcconfig */,
				5A78148316E2E97C61216D48 /* Pods-ProfileProjectTests.release.xcconfig */,
				5553CC0B18CFC769DB834658 /* Pods-ProfileProjectUITests.debug.xcconfig */,
				F6D2E9D86E5710C016E83716 /* Pods-ProfileProjectUITests.release.xcconfig */,
			);
			name = Pods;
			sourceTree = "<group>";
		};
/* End PBXGroup section */

/* Begin PBXNativeTarget section */
		1852415F201D430B00AE6769 /* ProfileProject */ = {
			isa = PBXNativeTarget;
			buildConfigurationList = 1852418B201D430B00AE6769 /* Build configuration list for PBXNativeTarget "ProfileProject" */;
			buildPhases = (
				FB5F22590C15280AE11D3E23 /* [CP] Check Pods Manifest.lock */,
				1852415C201D430B00AE6769 /* Sources */,
				1852415D201D430B00AE6769 /* Frameworks */,
				1852415E201D430B00AE6769 /* Resources */,
				E372FDC64D9DF09306B234A5 /* [CP] Embed Pods Frameworks */,
				2A227B0F8DD80ACB7B2BAD23 /* [CP] Copy Pods Resources */,
			);
			buildRules = (
			);
			dependencies = (
			);
			name = ProfileProject;
			productName = ProfileProject;
			productReference = 18524160201D430B00AE6769 /* ProfileProject.app */;
			productType = "com.apple.product-type.application";
		};
		18524176201D430B00AE6769 /* ProfileProjectTests */ = {
			isa = PBXNativeTarget;
			buildConfigurationList = 1852418E201D430B00AE6769 /* Build configuration list for PBXNativeTarget "ProfileProjectTests" */;
			buildPhases = (
				87048810EF2292D6A21F28EE /* [CP] Check Pods Manifest.lock */,
				18524173201D430B00AE6769 /* Sources */,
				18524174201D430B00AE6769 /* Frameworks */,
				18524175201D430B00AE6769 /* Resources */,
				5FAA601305C08B93940299A0 /* [CP] Embed Pods Frameworks */,
				3E0A1644A0893FA9D49539E2 /* [CP] Copy Pods Resources */,
			);
			buildRules = (
			);
			dependencies = (
				18524179201D430B00AE6769 /* PBXTargetDependency */,
			);
			name = ProfileProjectTests;
			productName = ProfileProjectTests;
			productReference = 18524177201D430B00AE6769 /* ProfileProjectTests.xctest */;
			productType = "com.apple.product-type.bundle.unit-test";
		};
		18524181201D430B00AE6769 /* ProfileProjectUITests */ = {
			isa = PBXNativeTarget;
			buildConfigurationList = 18524191201D430B00AE6769 /* Build configuration list for PBXNativeTarget "ProfileProjectUITests" */;
			buildPhases = (
				32F2B015EB56D6339AF82D90 /* [CP] Check Pods Manifest.lock */,
				1852417E201D430B00AE6769 /* Sources */,
				1852417F201D430B00AE6769 /* Frameworks */,
				18524180201D430B00AE6769 /* Resources */,
				448D255C6A16B8261FD4BBA5 /* [CP] Embed Pods Frameworks */,
				C2F6A8FA78304FCA885FAA83 /* [CP] Copy Pods Resources */,
			);
			buildRules = (
			);
			dependencies = (
				18524184201D430B00AE6769 /* PBXTargetDependency */,
			);
			name = ProfileProjectUITests;
			productName = ProfileProjectUITests;
			productReference = 18524182201D430B00AE6769 /* ProfileProjectUITests.xctest */;
			productType = "com.apple.product-type.bundle.ui-testing";
		};
/* End PBXNativeTarget section */

/* Begin PBXProject section */
		18524158201D430B00AE6769 /* Project object */ = {
			isa = PBXProject;
			attributes = {
				LastSwiftUpdateCheck = 0910;
				LastUpgradeCheck = 0910;
				ORGANIZATIONNAME = "Mohd Farhan Khan";
				TargetAttributes = {
					1852415F201D430B00AE6769 = {
						CreatedOnToolsVersion = 9.1;
						ProvisioningStyle = Automatic;
					};
					18524176201D430B00AE6769 = {
						CreatedOnToolsVersion = 9.1;
						ProvisioningStyle = Automatic;
						TestTargetID = 1852415F201D430B00AE6769;
					};
					18524181201D430B00AE6769 = {
						CreatedOnToolsVersion = 9.1;
						ProvisioningStyle = Automatic;
						TestTargetID = 1852415F201D430B00AE6769;
					};
				};
			};
			buildConfigurationList = 1852415B201D430B00AE6769 /* Build configuration list for PBXProject "ProfileProject" */;
			compatibilityVersion = "Xcode 8.0";
			developmentRegion = en;
			hasScannedForEncodings = 0;
			knownRegions = (
				en,
				Base,
			);
			mainGroup = 18524157201D430B00AE6769;
			productRefGroup = 18524161201D430B00AE6769 /* Products */;
			projectDirPath = "";
			projectRoot = "";
			targets = (
				1852415F201D430B00AE6769 /* ProfileProject */,
				18524176201D430B00AE6769 /* ProfileProjectTests */,
				18524181201D430B00AE6769 /* ProfileProjectUITests */,
			);
		};
/* End PBXProject section */

/* Begin PBXResourcesBuildPhase section */
		1852415E201D430B00AE6769 /* Resources */ = {
			isa = PBXResourcesBuildPhase;
			buildActionMask = 2147483647;
			files = (
				18524171201D430B00AE6769 /* LaunchScreen.storyboard in Resources */,
				1852416E201D430B00AE6769 /* Assets.xcassets in Resources */,
				18524169201D430B00AE6769 /* Main.storyboard in Resources */,
			);
			runOnlyForDeploymentPostprocessing = 0;
		};
		18524175201D430B00AE6769 /* Resources */ = {
			isa = PBXResourcesBuildPhase;
			buildActionMask = 2147483647;
			files = (
			);
			runOnlyForDeploymentPostprocessing = 0;
		};
		18524180201D430B00AE6769 /* Resources */ = {
			isa = PBXResourcesBuildPhase;
			buildActionMask = 2147483647;
			files = (
			);
			runOnlyForDeploymentPostprocessing = 0;
		};
/* End PBXResourcesBuildPhase section */

/* Begin PBXShellScriptBuildPhase section */
		2A227B0F8DD80ACB7B2BAD23 /* [CP] Copy Pods Resources */ = {
			isa = PBXShellScriptBuildPhase;
			buildActionMask = 2147483647;
			files = (
			);
			inputPaths = (
			);
			name = "[CP] Copy Pods Resources";
			outputPaths = (
			);
			runOnlyForDeploymentPostprocessing = 0;
			shellPath = /bin/sh;
			shellScript = "\"${SRCROOT}/Pods/Target Support Files/Pods-ProfileProject/Pods-ProfileProject-resources.sh\"\n";
			showEnvVarsInLog = 0;
		};
		32F2B015EB56D6339AF82D90 /* [CP] Check Pods Manifest.lock */ = {
			isa = PBXShellScriptBuildPhase;
			buildActionMask = 2147483647;
			files = (
			);
			inputPaths = (
				"${PODS_PODFILE_DIR_PATH}/Podfile.lock",
				"${PODS_ROOT}/Manifest.lock",
			);
			name = "[CP] Check Pods Manifest.lock";
			outputPaths = (
				"$(DERIVED_FILE_DIR)/Pods-ProfileProjectUITests-checkManifestLockResult.txt",
			);
			runOnlyForDeploymentPostprocessing = 0;
			shellPath = /bin/sh;
			shellScript = "diff \"${PODS_PODFILE_DIR_PATH}/Podfile.lock\" \"${PODS_ROOT}/Manifest.lock\" > /dev/null\nif [ $? != 0 ] ; then\n    # print error to STDERR\n    echo \"error: The sandbox is not in sync with the Podfile.lock. Run 'pod install' or update your CocoaPods installation.\" >&2\n    exit 1\nfi\n# This output is used by Xcode 'outputs' to avoid re-running this script phase.\necho \"SUCCESS\" > \"${SCRIPT_OUTPUT_FILE_0}\"\n";
			showEnvVarsInLog = 0;
		};
		3E0A1644A0893FA9D49539E2 /* [CP] Copy Pods Resources */ = {
			isa = PBXShellScriptBuildPhase;
			buildActionMask = 2147483647;
			files = (
			);
			inputPaths = (
			);
			name = "[CP] Copy Pods Resources";
			outputPaths = (
			);
			runOnlyForDeploymentPostprocessing = 0;
			shellPath = /bin/sh;
			shellScript = "\"${SRCROOT}/Pods/Target Support Files/Pods-ProfileProjectTests/Pods-ProfileProjectTests-resources.sh\"\n";
			showEnvVarsInLog = 0;
		};
		448D255C6A16B8261FD4BBA5 /* [CP] Embed Pods Frameworks */ = {
			isa = PBXShellScriptBuildPhase;
			buildActionMask = 2147483647;
			files = (
			);
			inputPaths = (
			);
			name = "[CP] Embed Pods Frameworks";
			outputPaths = (
			);
			runOnlyForDeploymentPostprocessing = 0;
			shellPath = /bin/sh;
			shellScript = "\"${SRCROOT}/Pods/Target Support Files/Pods-ProfileProjectUITests/Pods-ProfileProjectUITests-frameworks.sh\"\n";
			showEnvVarsInLog = 0;
		};
		5FAA601305C08B93940299A0 /* [CP] Embed Pods Frameworks */ = {
			isa = PBXShellScriptBuildPhase;
			buildActionMask = 2147483647;
			files = (
			);
			inputPaths = (
			);
			name = "[CP] Embed Pods Frameworks";
			outputPaths = (
			);
			runOnlyForDeploymentPostprocessing = 0;
			shellPath = /bin/sh;
			shellScript = "\"${SRCROOT}/Pods/Target Support Files/Pods-ProfileProjectTests/Pods-ProfileProjectTests-frameworks.sh\"\n";
			showEnvVarsInLog = 0;
		};
		87048810EF2292D6A21F28EE /* [CP] Check Pods Manifest.lock */ = {
			isa = PBXShellScriptBuildPhase;
			buildActionMask = 2147483647;
			files = (
			);
			inputPaths = (
				"${PODS_PODFILE_DIR_PATH}/Podfile.lock",
				"${PODS_ROOT}/Manifest.lock",
			);
			name = "[CP] Check Pods Manifest.lock";
			outputPaths = (
				"$(DERIVED_FILE_DIR)/Pods-ProfileProjectTests-checkManifestLockResult.txt",
			);
			runOnlyForDeploymentPostprocessing = 0;
			shellPath = /bin/sh;
			shellScript = "diff \"${PODS_PODFILE_DIR_PATH}/Podfile.lock\" \"${PODS_ROOT}/Manifest.lock\" > /dev/null\nif [ $? != 0 ] ; then\n    # print error to STDERR\n    echo \"error: The sandbox is not in sync with the Podfile.lock. Run 'pod install' or update your CocoaPods installation.\" >&2\n    exit 1\nfi\n# This output is used by Xcode 'outputs' to avoid re-running this script phase.\necho \"SUCCESS\" > \"${SCRIPT_OUTPUT_FILE_0}\"\n";
			showEnvVarsInLog = 0;
		};
		C2F6A8FA78304FCA885FAA83 /* [CP] Copy Pods Resources */ = {
			isa = PBXShellScriptBuildPhase;
			buildActionMask = 2147483647;
			files = (
			);
			inputPaths = (
			);
			name = "[CP] Copy Pods Resources";
			outputPaths = (
			);
			runOnlyForDeploymentPostprocessing = 0;
			shellPath = /bin/sh;
			shellScript = "\"${SRCROOT}/Pods/Target Support Files/Pods-ProfileProjectUITests/Pods-ProfileProjectUITests-resources.sh\"\n";
			showEnvVarsInLog = 0;
		};
		E372FDC64D9DF09306B234A5 /* [CP] Embed Pods Frameworks */ = {
			isa = PBXShellScriptBuildPhase;
			buildActionMask = 2147483647;
			files = (
			);
			inputPaths = (
				"${SRCROOT}/Pods/Target Support Files/Pods-ProfileProject/Pods-ProfileProject-frameworks.sh",
				"${BUILT_PRODUCTS_DIR}/IQKeyboardManagerSwift/IQKeyboardManagerSwift.framework",
			);
			name = "[CP] Embed Pods Frameworks";
			outputPaths = (
				"${TARGET_BUILD_DIR}/${FRAMEWORKS_FOLDER_PATH}/IQKeyboardManagerSwift.framework",
			);
			runOnlyForDeploymentPostprocessing = 0;
			shellPath = /bin/sh;
			shellScript = "\"${SRCROOT}/Pods/Target Support Files/Pods-ProfileProject/Pods-ProfileProject-frameworks.sh\"\n";
			showEnvVarsInLog = 0;
		};
		FB5F22590C15280AE11D3E23 /* [CP] Check Pods Manifest.lock */ = {
			isa = PBXShellScriptBuildPhase;
			buildActionMask = 2147483647;
			files = (
			);
			inputPaths = (
				"${PODS_PODFILE_DIR_PATH}/Podfile.lock",
				"${PODS_ROOT}/Manifest.lock",
			);
			name = "[CP] Check Pods Manifest.lock";
			outputPaths = (
				"$(DERIVED_FILE_DIR)/Pods-ProfileProject-checkManifestLockResult.txt",
			);
			runOnlyForDeploymentPostprocessing = 0;
			shellPath = /bin/sh;
			shellScript = "diff \"${PODS_PODFILE_DIR_PATH}/Podfile.lock\" \"${PODS_ROOT}/Manifest.lock\" > /dev/null\nif [ $? != 0 ] ; then\n    # print error to STDERR\n    echo \"error: The sandbox is not in sync with the Podfile.lock. Run 'pod install' or update your CocoaPods installation.\" >&2\n    exit 1\nfi\n# This output is used by Xcode 'outputs' to avoid re-running this script phase.\necho \"SUCCESS\" > \"${SCRIPT_OUTPUT_FILE_0}\"\n";
			showEnvVarsInLog = 0;
		};
/* End PBXShellScriptBuildPhase section */

/* Begin PBXSourcesBuildPhase section */
		1852415C201D430B00AE6769 /* Sources */ = {
			isa = PBXSourcesBuildPhase;
			buildActionMask = 2147483647;
			files = (
				184F4F73201DCAEC00513732 /* AddressTableViewCell.swift in Sources */,
				184F4F77201DCB1400513732 /* DOBTableViewCell.swift in Sources */,
				184F4F7B201DDCFF00513732 /* GenderTableViewCell.swift in Sources */,
				18C180D9204FE9120000480D /* Extensions.swift in Sources */,
				184F4F75201DCB0500513732 /* EmailTableViewCell.swift in Sources */,
				184F4F79201DCB2B00513732 /* PhoneTableViewCell.swift in Sources */,
				18524166201D430B00AE6769 /* ViewController.swift in Sources */,
				18616D3B201E439700B150A8 /* CodeManager.swift in Sources */,
				18524164201D430B00AE6769 /* AppDelegate.swift in Sources */,
				184F4F71201DCA8800513732 /* NameTableViewCell.swift in Sources */,
			);
			runOnlyForDeploymentPostprocessing = 0;
		};
		18524173201D430B00AE6769 /* Sources */ = {
			isa = PBXSourcesBuildPhase;
			buildActionMask = 2147483647;
			files = (
				1852417C201D430B00AE6769 /* ProfileProjectTests.swift in Sources */,
			);
			runOnlyForDeploymentPostprocessing = 0;
		};
		1852417E201D430B00AE6769 /* Sources */ = {
			isa = PBXSourcesBuildPhase;
			buildActionMask = 2147483647;
			files = (
				18524187201D430B00AE6769 /* ProfileProjectUITests.swift in Sources */,
			);
			runOnlyForDeploymentPostprocessing = 0;
		};
/* End PBXSourcesBuildPhase section */

/* Begin PBXTargetDependency section */
		18524179201D430B00AE6769 /* PBXTargetDependency */ = {
			isa = PBXTargetDependency;
			target = 1852415F201D430B00AE6769 /* ProfileProject */;
			targetProxy = 18524178201D430B00AE6769 /* PBXContainerItemProxy */;
		};
		18524184201D430B00AE6769 /* PBXTargetDependency */ = {
			isa = PBXTargetDependency;
			target = 1852415F201D430B00AE6769 /* ProfileProject */;
			targetProxy = 18524183201D430B00AE6769 /* PBXContainerItemProxy */;
		};
/* End PBXTargetDependency section */

/* Begin PBXVariantGroup section */
		18524167201D430B00AE6769 /* Main.storyboard */ = {
			isa = PBXVariantGroup;
			children = (
				18524168201D430B00AE6769 /* Base */,
			);
			name = Main.storyboard;
			sourceTree = "<group>";
		};
		1852416F201D430B00AE6769 /* LaunchScreen.storyboard */ = {
			isa = PBXVariantGroup;
			children = (
				18524170201D430B00AE6769 /* Base */,
			);
			name = LaunchScreen.storyboard;
			sourceTree = "<group>";
		};
/* End PBXVariantGroup section */

/* Begin XCBuildConfiguration section */
		18524189201D430B00AE6769 /* Debug */ = {
			isa = XCBuildConfiguration;
			buildSettings = {
				ALWAYS_SEARCH_USER_PATHS = NO;
				CLANG_ANALYZER_NONNULL = YES;
				CLANG_ANALYZER_NUMBER_OBJECT_CONVERSION = YES_AGGRESSIVE;
				CLANG_CXX_LANGUAGE_STANDARD = "gnu++14";
				CLANG_CXX_LIBRARY = "libc++";
				CLANG_ENABLE_MODULES = YES;
				CLANG_ENABLE_OBJC_ARC = YES;
				CLANG_WARN_BLOCK_CAPTURE_AUTORELEASING = YES;
				CLANG_WARN_BOOL_CONVERSION = YES;
				CLANG_WARN_COMMA = YES;
				CLANG_WARN_CONSTANT_CONVERSION = YES;
				CLANG_WARN_DIRECT_OBJC_ISA_USAGE = YES_ERROR;
				CLANG_WARN_DOCUMENTATION_COMMENTS = YES;
				CLANG_WARN_EMPTY_BODY = YES;
				CLANG_WARN_ENUM_CONVERSION = YES;
				CLANG_WARN_INFINITE_RECURSION = YES;
				CLANG_WARN_INT_CONVERSION = YES;
				CLANG_WARN_NON_LITERAL_NULL_CONVERSION = YES;
				CLANG_WARN_OBJC_LITERAL_CONVERSION = YES;
				CLANG_WARN_OBJC_ROOT_CLASS = YES_ERROR;
				CLANG_WARN_RANGE_LOOP_ANALYSIS = YES;
				CLANG_WARN_STRICT_PROTOTYPES = YES;
				CLANG_WARN_SUSPICIOUS_MOVE = YES;
				CLANG_WARN_UNGUARDED_AVAILABILITY = YES_AGGRESSIVE;
				CLANG_WARN_UNREACHABLE_CODE = YES;
				CLANG_WARN__DUPLICATE_METHOD_MATCH = YES;
				CODE_SIGN_IDENTITY = "iPhone Developer";
				COPY_PHASE_STRIP = NO;
				DEBUG_INFORMATION_FORMAT = dwarf;
				ENABLE_STRICT_OBJC_MSGSEND = YES;
				ENABLE_TESTABILITY = YES;
				GCC_C_LANGUAGE_STANDARD = gnu11;
				GCC_DYNAMIC_NO_PIC = NO;
				GCC_NO_COMMON_BLOCKS = YES;
				GCC_OPTIMIZATION_LEVEL = 0;
				GCC_PREPROCESSOR_DEFINITIONS = (
					"DEBUG=1",
					"$(inherited)",
				);
				GCC_WARN_64_TO_32_BIT_CONVERSION = YES;
				GCC_WARN_ABOUT_RETURN_TYPE = YES_ERROR;
				GCC_WARN_UNDECLARED_SELECTOR = YES;
				GCC_WARN_UNINITIALIZED_AUTOS = YES_AGGRESSIVE;
				GCC_WARN_UNUSED_FUNCTION = YES;
				GCC_WARN_UNUSED_VARIABLE = YES;
				IPHONEOS_DEPLOYMENT_TARGET = 11.1;
				MTL_ENABLE_DEBUG_INFO = YES;
				ONLY_ACTIVE_ARCH = YES;
				SDKROOT = iphoneos;
				SWIFT_ACTIVE_COMPILATION_CONDITIONS = DEBUG;
				SWIFT_OPTIMIZATION_LEVEL = "-Onone";
			};
			name = Debug;
		};
		1852418A201D430B00AE6769 /* Release */ = {
			isa = XCBuildConfiguration;
			buildSettings = {
				ALWAYS_SEARCH_USER_PATHS = NO;
				CLANG_ANALYZER_NONNULL = YES;
				CLANG_ANALYZER_NUMBER_OBJECT_CONVERSION = YES_AGGRESSIVE;
				CLANG_CXX_LANGUAGE_STANDARD = "gnu++14";
				CLANG_CXX_LIBRARY = "libc++";
				CLANG_ENABLE_MODULES = YES;
				CLANG_ENABLE_OBJC_ARC = YES;
				CLANG_WARN_BLOCK_CAPTURE_AUTORELEASING = YES;
				CLANG_WARN_BOOL_CONVERSION = YES;
				CLANG_WARN_COMMA = YES;
				CLANG_WARN_CONSTANT_CONVERSION = YES;
				CLANG_WARN_DIRECT_OBJC_ISA_USAGE = YES_ERROR;
				CLANG_WARN_DOCUMENTATION_COMMENTS = YES;
				CLANG_WARN_EMPTY_BODY = YES;
				CLANG_WARN_ENUM_CONVERSION = YES;
				CLANG_WARN_INFINITE_RECURSION = YES;
				CLANG_WARN_INT_CONVERSION = YES;
				CLANG_WARN_NON_LITERAL_NULL_CONVERSION = YES;
				CLANG_WARN_OBJC_LITERAL_CONVERSION = YES;
				CLANG_WARN_OBJC_ROOT_CLASS = YES_ERROR;
				CLANG_WARN_RANGE_LOOP_ANALYSIS = YES;
				CLANG_WARN_STRICT_PROTOTYPES = YES;
				CLANG_WARN_SUSPICIOUS_MOVE = YES;
				CLANG_WARN_UNGUARDED_AVAILABILITY = YES_AGGRESSIVE;
				CLANG_WARN_UNREACHABLE_CODE = YES;
				CLANG_WARN__DUPLICATE_METHOD_MATCH = YES;
				CODE_SIGN_IDENTITY = "iPhone Developer";
				COPY_PHASE_STRIP = NO;
				DEBUG_INFORMATION_FORMAT = "dwarf-with-dsym";
				ENABLE_NS_ASSERTIONS = NO;
				ENABLE_STRICT_OBJC_MSGSEND = YES;
				GCC_C_LANGUAGE_STANDARD = gnu11;
				GCC_NO_COMMON_BLOCKS = YES;
				GCC_WARN_64_TO_32_BIT_CONVERSION = YES;
				GCC_WARN_ABOUT_RETURN_TYPE = YES_ERROR;
				GCC_WARN_UNDECLARED_SELECTOR = YES;
				GCC_WARN_UNINITIALIZED_AUTOS = YES_AGGRESSIVE;
				GCC_WARN_UNUSED_FUNCTION = YES;
				GCC_WARN_UNUSED_VARIABLE = YES;
				IPHONEOS_DEPLOYMENT_TARGET = 11.1;
				MTL_ENABLE_DEBUG_INFO = NO;
				SDKROOT = iphoneos;
				SWIFT_OPTIMIZATION_LEVEL = "-Owholemodule";
				VALIDATE_PRODUCT = YES;
			};
			name = Release;
		};
		1852418C201D430B00AE6769 /* Debug */ = {
			isa = XCBuildConfiguration;
			baseConfigurationReference = B1A62279D822BA0DA710C919 /* Pods-ProfileProject.debug.xcconfig */;
			buildSettings = {
				ASSETCATALOG_COMPILER_APPICON_NAME = AppIcon;
				CODE_SIGN_STYLE = Automatic;
				INFOPLIST_FILE = ProfileProject/Info.plist;
				LD_RUNPATH_SEARCH_PATHS = "$(inherited) @executable_path/Frameworks";
				PRODUCT_BUNDLE_IDENTIFIER = com.Triffort.ProfileProject;
				PRODUCT_NAME = "$(TARGET_NAME)";
				SWIFT_VERSION = 4.0;
				TARGETED_DEVICE_FAMILY = "1,2";
			};
			name = Debug;
		};
		1852418D201D430B00AE6769 /* Release */ = {
			isa = XCBuildConfiguration;
			baseConfigurationReference = 6A0388B074CE4D6494BA9B60 /* Pods-ProfileProject.release.xcconfig */;
			buildSettings = {
				ASSETCATALOG_COMPILER_APPICON_NAME = AppIcon;
				CODE_SIGN_STYLE = Automatic;
				INFOPLIST_FILE = ProfileProject/Info.plist;
				LD_RUNPATH_SEARCH_PATHS = "$(inherited) @executable_path/Frameworks";
				PRODUCT_BUNDLE_IDENTIFIER = com.Triffort.ProfileProject;
				PRODUCT_NAME = "$(TARGET_NAME)";
				SWIFT_VERSION = 4.0;
				TARGETED_DEVICE_FAMILY = "1,2";
			};
			name = Release;
		};
		1852418F201D430B00AE6769 /* Debug */ = {
			isa = XCBuildConfiguration;
			baseConfigurationReference = 935C7A94D3174008F2753FA3 /* Pods-ProfileProjectTests.debug.xcconfig */;
			buildSettings = {
				ALWAYS_EMBED_SWIFT_STANDARD_LIBRARIES = YES;
				BUNDLE_LOADER = "$(TEST_HOST)";
				CODE_SIGN_STYLE = Automatic;
				INFOPLIST_FILE = ProfileProjectTests/Info.plist;
				LD_RUNPATH_SEARCH_PATHS = "$(inherited) @executable_path/Frameworks @loader_path/Frameworks";
				PRODUCT_BUNDLE_IDENTIFIER = com.Triffort.Autoyaout.ProfileProjectTests;
				PRODUCT_NAME = "$(TARGET_NAME)";
				SWIFT_VERSION = 4.0;
				TARGETED_DEVICE_FAMILY = "1,2";
				TEST_HOST = "$(BUILT_PRODUCTS_DIR)/ProfileProject.app/ProfileProject";
			};
			name = Debug;
		};
		18524190201D430B00AE6769 /* Release */ = {
			isa = XCBuildConfiguration;
			baseConfigurationReference = 5A78148316E2E97C61216D48 /* Pods-ProfileProjectTests.release.xcconfig */;
			buildSettings = {
				ALWAYS_EMBED_SWIFT_STANDARD_LIBRARIES = YES;
				BUNDLE_LOADER = "$(TEST_HOST)";
				CODE_SIGN_STYLE = Automatic;
				INFOPLIST_FILE = ProfileProjectTests/Info.plist;
				LD_RUNPATH_SEARCH_PATHS = "$(inherited) @executable_path/Frameworks @loader_path/Frameworks";
				PRODUCT_BUNDLE_IDENTIFIER = com.Triffort.Autoyaout.ProfileProjectTests;
				PRODUCT_NAME = "$(TARGET_NAME)";
				SWIFT_VERSION = 4.0;
				TARGETED_DEVICE_FAMILY = "1,2";
				TEST_HOST = "$(BUILT_PRODUCTS_DIR)/ProfileProject.app/ProfileProject";
			};
			name = Release;
		};
		18524192201D430B00AE6769 /* Debug */ = {
			isa = XCBuildConfiguration;
			baseConfigurationReference = 5553CC0B18CFC769DB834658 /* Pods-ProfileProjectUITests.debug.xcconfig */;
			buildSettings = {
				ALWAYS_EMBED_SWIFT_STANDARD_LIBRARIES = YES;
				CODE_SIGN_STYLE = Automatic;
				INFOPLIST_FILE = ProfileProjectUITests/Info.plist;
				LD_RUNPATH_SEARCH_PATHS = "$(inherited) @executable_path/Frameworks @loader_path/Frameworks";
				PRODUCT_BUNDLE_IDENTIFIER = com.Triffort.Autoyaout.ProfileProjectUITests;
				PRODUCT_NAME = "$(TARGET_NAME)";
				SWIFT_VERSION = 4.0;
				TARGETED_DEVICE_FAMILY = "1,2";
				TEST_TARGET_NAME = ProfileProject;
			};
			name = Debug;
		};
		18524193201D430B00AE6769 /* Release */ = {
			isa = XCBuildConfiguration;
			baseConfigurationReference = F6D2E9D86E5710C016E83716 /* Pods-ProfileProjectUITests.release.xcconfig */;
			buildSettings = {
				ALWAYS_EMBED_SWIFT_STANDARD_LIBRARIES = YES;
				CODE_SIGN_STYLE = Automatic;
				INFOPLIST_FILE = ProfileProjectUITests/Info.plist;
				LD_RUNPATH_SEARCH_PATHS = "$(inherited) @executable_path/Frameworks @loader_path/Frameworks";
				PRODUCT_BUNDLE_IDENTIFIER = com.Triffort.Autoyaout.ProfileProjectUITests;
				PRODUCT_NAME = "$(TARGET_NAME)";
				SWIFT_VERSION = 4.0;
				TARGETED_DEVICE_FAMILY = "1,2";
				TEST_TARGET_NAME = ProfileProject;
			};
			name = Release;
		};
/* End XCBuildConfiguration section */

/* Begin XCConfigurationList section */
		1852415B201D430B00AE6769 /* Build configuration list for PBXProject "ProfileProject" */ = {
			isa = XCConfigurationList;
			buildConfigurations = (
				18524189201D430B00AE6769 /* Debug */,
				1852418A201D430B00AE6769 /* Release */,
			);
			defaultConfigurationIsVisible = 0;
			defaultConfigurationName = Release;
		};
		1852418B201D430B00AE6769 /* Build configuration list for PBXNativeTarget "ProfileProject" */ = {
			isa = XCConfigurationList;
			buildConfigurations = (
				1852418C201D430B00AE6769 /* Debug */,
				1852418D201D430B00AE6769 /* Release */,
			);
			defaultConfigurationIsVisible = 0;
			defaultConfigurationName = Release;
		};
		1852418E201D430B00AE6769 /* Build configuration list for PBXNativeTarget "ProfileProjectTests" */ = {
			isa = XCConfigurationList;
			buildConfigurations = (
				1852418F201D430B00AE6769 /* Debug */,
				18524190201D430B00AE6769 /* Release */,
			);
			defaultConfigurationIsVisible = 0;
			defaultConfigurationName = Release;
		};
		18524191201D430B00AE6769 /* Build configuration list for PBXNativeTarget "ProfileProjectUITests" */ = {
			isa = XCConfigurationList;
			buildConfigurations = (
				18524192201D430B00AE6769 /* Debug */,
				18524193201D430B00AE6769 /* Release */,
			);
			defaultConfigurationIsVisible = 0;
			defaultConfigurationName = Release;
		};
/* End XCConfigurationList section */
	};
	rootObject = 18524158201D430B00AE6769 /* Project object */;
}
